
Microsoft Visual Studio Solution File, Format Version 12.00
# Visual Studio Version 17
VisualStudioVersion = 17.0.32112.339
MinimumVisualStudioVersion = 10.0.40219.1
Project("{FAE04EC0-301F-11D3-BF4B-00C04F79EFBC}") = "WebApplication1", "WebApplication1\WebApplication1.csproj", "{8416746F-D368-43C1-BB97-C9C5D5C588AF}"
EndProject
Global
	GlobalSection(SolutionConfigurationPlatforms) = preSolution
		Debug|Any CPU = Debug|Any CPU
		Release|Any CPU = Release|Any CPU
	EndGlobalSection
	GlobalSection(ProjectConfigurationPlatforms) = postSolution
		{8416746F-D368-43C1-BB97-C9C5D5C588AF}.Debug|Any CPU.ActiveCfg = Debug|Any CPU
		{8416746F-D368-43C1-BB97-C9C5D5C588AF}.Debug|Any CPU.Build.0 = Debug|Any CPU
		{8416746F-D368-43C1-BB97-C9C5D5C588AF}.Release|Any CPU.ActiveCfg = Release|Any CPU
		{8416746F-D368-43C1-BB97-C9C5D5C588AF}.Release|Any CPU.Build.0 = Release|Any CPU
	EndGlobalSection
	GlobalSection(SolutionProperties) = preSolution
		HideSolutionNode = FALSE
	EndGlobalSection
	GlobalSection(ExtensibilityGlobals) = postSolution
		SolutionGuid = {82D6A4ED-82CB-49AC-8413-21ED662AE169}
	EndGlobalSection
EndGlobal
