
Microsoft Visual Studio Solution File, Format Version 12.00
# Visual Studio Version 17
VisualStudioVersion = 17.0.32112.339
MinimumVisualStudioVersion = 10.0.40219.1
Project("{FAE04EC0-301F-11D3-BF4B-00C04F79EFBC}") = "FindAge", "FindAge\FindAge.csproj", "{96315661-2C6B-43F1-8C5D-1B96B831576D}"
EndProject
Global
	GlobalSection(SolutionConfigurationPlatforms) = preSolution
		Debug|Any CPU = Debug|Any CPU
		Release|Any CPU = Release|Any CPU
	EndGlobalSection
	GlobalSection(ProjectConfigurationPlatforms) = postSolution
		{96315661-2C6B-43F1-8C5D-1B96B831576D}.Debug|Any CPU.ActiveCfg = Debug|Any CPU
		{96315661-2C6B-43F1-8C5D-1B96B831576D}.Debug|Any CPU.Build.0 = Debug|Any CPU
		{96315661-2C6B-43F1-8C5D-1B96B831576D}.Release|Any CPU.ActiveCfg = Release|Any CPU
		{96315661-2C6B-43F1-8C5D-1B96B831576D}.Release|Any CPU.Build.0 = Release|Any CPU
	EndGlobalSection
	GlobalSection(SolutionProperties) = preSolution
		HideSolutionNode = FALSE
	EndGlobalSection
	GlobalSection(ExtensibilityGlobals) = postSolution
		SolutionGuid = {84DD6EC2-0538-4F5B-BFCA-37289BB49ECE}
	EndGlobalSection
EndGlobal
