
Microsoft Visual Studio Solution File, Format Version 12.00
# Visual Studio Version 17
VisualStudioVersion = 17.0.32112.339
MinimumVisualStudioVersion = 10.0.40219.1
Project("{FAE04EC0-301F-11D3-BF4B-00C04F79EFBC}") = "ConstructorExample", "ConstructorExample\ConstructorExample.csproj", "{7E5BD272-D749-4820-95A6-8A5D19412C6E}"
EndProject
Global
	GlobalSection(SolutionConfigurationPlatforms) = preSolution
		Debug|Any CPU = Debug|Any CPU
		Release|Any CPU = Release|Any CPU
	EndGlobalSection
	GlobalSection(ProjectConfigurationPlatforms) = postSolution
		{7E5BD272-D749-4820-95A6-8A5D19412C6E}.Debug|Any CPU.ActiveCfg = Debug|Any CPU
		{7E5BD272-D749-4820-95A6-8A5D19412C6E}.Debug|Any CPU.Build.0 = Debug|Any CPU
		{7E5BD272-D749-4820-95A6-8A5D19412C6E}.Release|Any CPU.ActiveCfg = Release|Any CPU
		{7E5BD272-D749-4820-95A6-8A5D19412C6E}.Release|Any CPU.Build.0 = Release|Any CPU
	EndGlobalSection
	GlobalSection(SolutionProperties) = preSolution
		HideSolutionNode = FALSE
	EndGlobalSection
	GlobalSection(ExtensibilityGlobals) = postSolution
		SolutionGuid = {3937DB4D-55C7-422B-BD74-ED6F876A7284}
	EndGlobalSection
EndGlobal
